[[package]]
name = "invoke"
version = "1.7.1"
description = "Pythonic task execution"
category = "main"
optional = false
python-versions = "*"

[metadata]
lock-version = "1.1"
python-versions = "^3.9"
content-hash = "a1d91f592cf15001fc812af89d5082bcd8c35f0c1f1f1a0f75e8c3a8a0577288"

[metadata.files]
invoke = [
    {file = "invoke-1.7.1-py3-none-any.whl", hash = "sha256:2dc975b4f92be0c0a174ad2d063010c8a1fdb5e9389d69871001118b4fcac4fb"},
    {file = "invoke-1.7.1.tar.gz", hash = "sha256:7b6deaf585eee0a848205d0b8c0014b9bf6f287a8eb798818a642dff1df14b19"},
]
